
Microsoft Visual Studio Solution File, Format Version 12.00
# Visual Studio Version 16
VisualStudioVersion = 16.0.29613.14
MinimumVisualStudioVersion = 10.0.40219.1
Project("{FAE04EC0-301F-11D3-BF4B-00C04F79EFBC}") = "Oppimistehtava101", "Oppimistehtava101\Oppimistehtava101.csproj", "{D12FF6BB-0BEB-471C-994C-9D6A49625EEC}"
EndProject
Global
	GlobalSection(SolutionConfigurationPlatforms) = preSolution
		Debug|Any CPU = Debug|Any CPU
		Release|Any CPU = Release|Any CPU
	EndGlobalSection
	GlobalSection(ProjectConfigurationPlatforms) = postSolution
		{D12FF6BB-0BEB-471C-994C-9D6A49625EEC}.Debug|Any CPU.ActiveCfg = Debug|Any CPU
		{D12FF6BB-0BEB-471C-994C-9D6A49625EEC}.Debug|Any CPU.Build.0 = Debug|Any CPU
		{D12FF6BB-0BEB-471C-994C-9D6A49625EEC}.Release|Any CPU.ActiveCfg = Release|Any CPU
		{D12FF6BB-0BEB-471C-994C-9D6A49625EEC}.Release|Any CPU.Build.0 = Release|Any CPU
	EndGlobalSection
	GlobalSection(SolutionProperties) = preSolution
		HideSolutionNode = FALSE
	EndGlobalSection
	GlobalSection(ExtensibilityGlobals) = postSolution
		SolutionGuid = {3D70305D-BC52-4AAC-8FF5-0B6795342540}
	EndGlobalSection
EndGlobal
